
Microsoft Visual Studio Solution File, Format Version 12.00
# Visual Studio Version 17
VisualStudioVersion = 17.14.36623.8
MinimumVisualStudioVersion = 10.0.40219.1
Project("{FAE04EC0-301F-11D3-BF4B-00C04F79EFBC}") = "CivicFix.UI", "CivicFix.UI.csproj", "{1CB665E0-EA35-4F72-B2F9-93A03218014C}"
EndProject
Project("{FAE04EC0-301F-11D3-BF4B-00C04F79EFBC}") = "CivicFix.Core", "..\CivicFix.Core\CivicFix.Core.csproj", "{CB44C523-EB74-4B66-AB72-EAB8ACEDF312}"
EndProject
Project("{FAE04EC0-301F-11D3-BF4B-00C04F79EFBC}") = "CivicFix.Data", "..\CivicFix.Data\CivicFix.Data.csproj", "{DEEDC888-9735-468D-86F0-91E82EF9D704}"
EndProject
Project("{FAE04EC0-301F-11D3-BF4B-00C04F79EFBC}") = "CivicFix.ViewModel", "..\CivicFix.ViewModel\CivicFix.ViewModel.csproj", "{90ABC208-868A-42E3-9E37-06A6715261C5}"
EndProject
Project("{FAE04EC0-301F-11D3-BF4B-00C04F79EFBC}") = "CivicFix.Security", "..\CivicFix.Security\CivicFix.Security.csproj", "{9B369467-77FE-4E62-9E9F-8C94613071E6}"
EndProject
Global
	GlobalSection(SolutionConfigurationPlatforms) = preSolution
		Debug|Any CPU = Debug|Any CPU
		Release|Any CPU = Release|Any CPU
	EndGlobalSection
	GlobalSection(ProjectConfigurationPlatforms) = postSolution
		{1CB665E0-EA35-4F72-B2F9-93A03218014C}.Debug|Any CPU.ActiveCfg = Debug|Any CPU
		{1CB665E0-EA35-4F72-B2F9-93A03218014C}.Debug|Any CPU.Build.0 = Debug|Any CPU
		{1CB665E0-EA35-4F72-B2F9-93A03218014C}.Release|Any CPU.ActiveCfg = Release|Any CPU
		{1CB665E0-EA35-4F72-B2F9-93A03218014C}.Release|Any CPU.Build.0 = Release|Any CPU
		{CB44C523-EB74-4B66-AB72-EAB8ACEDF312}.Debug|Any CPU.ActiveCfg = Debug|Any CPU
		{CB44C523-EB74-4B66-AB72-EAB8ACEDF312}.Debug|Any CPU.Build.0 = Debug|Any CPU
		{CB44C523-EB74-4B66-AB72-EAB8ACEDF312}.Release|Any CPU.ActiveCfg = Release|Any CPU
		{CB44C523-EB74-4B66-AB72-EAB8ACEDF312}.Release|Any CPU.Build.0 = Release|Any CPU
		{DEEDC888-9735-468D-86F0-91E82EF9D704}.Debug|Any CPU.ActiveCfg = Debug|Any CPU
		{DEEDC888-9735-468D-86F0-91E82EF9D704}.Debug|Any CPU.Build.0 = Debug|Any CPU
		{DEEDC888-9735-468D-86F0-91E82EF9D704}.Release|Any CPU.ActiveCfg = Release|Any CPU
		{DEEDC888-9735-468D-86F0-91E82EF9D704}.Release|Any CPU.Build.0 = Release|Any CPU
		{90ABC208-868A-42E3-9E37-06A6715261C5}.Debug|Any CPU.ActiveCfg = Debug|Any CPU
		{90ABC208-868A-42E3-9E37-06A6715261C5}.Debug|Any CPU.Build.0 = Debug|Any CPU
		{90ABC208-868A-42E3-9E37-06A6715261C5}.Release|Any CPU.ActiveCfg = Release|Any CPU
		{90ABC208-868A-42E3-9E37-06A6715261C5}.Release|Any CPU.Build.0 = Release|Any CPU
		{9B369467-77FE-4E62-9E9F-8C94613071E6}.Debug|Any CPU.ActiveCfg = Debug|Any CPU
		{9B369467-77FE-4E62-9E9F-8C94613071E6}.Debug|Any CPU.Build.0 = Debug|Any CPU
		{9B369467-77FE-4E62-9E9F-8C94613071E6}.Release|Any CPU.ActiveCfg = Release|Any CPU
		{9B369467-77FE-4E62-9E9F-8C94613071E6}.Release|Any CPU.Build.0 = Release|Any CPU
	EndGlobalSection
	GlobalSection(SolutionProperties) = preSolution
		HideSolutionNode = FALSE
	EndGlobalSection
	GlobalSection(ExtensibilityGlobals) = postSolution
		SolutionGuid = {264076E9-8A4F-45BB-A161-737188E36298}
	EndGlobalSection
EndGlobal
